
Microsoft Visual Studio Solution File, Format Version 12.00
# Visual Studio Version 16
VisualStudioVersion = 16.0.31129.286
MinimumVisualStudioVersion = 10.0.40219.1
Project("{FAE04EC0-301F-11D3-BF4B-00C04F79EFBC}") = "小二", "小二\小二.csproj", "{55B620FC-9C23-464F-B28F-9A68868E2C1D}"
EndProject
Project("{FAE04EC0-301F-11D3-BF4B-00C04F79EFBC}") = "二", "..\二\二\二.csproj", "{61019922-706F-4B9B-9A66-7750EB1BA3AB}"
EndProject
Global
	GlobalSection(SolutionConfigurationPlatforms) = preSolution
		Debug|Any CPU = Debug|Any CPU
		Release|Any CPU = Release|Any CPU
	EndGlobalSection
	GlobalSection(ProjectConfigurationPlatforms) = postSolution
		{55B620FC-9C23-464F-B28F-9A68868E2C1D}.Debug|Any CPU.ActiveCfg = Debug|Any CPU
		{55B620FC-9C23-464F-B28F-9A68868E2C1D}.Debug|Any CPU.Build.0 = Debug|Any CPU
		{55B620FC-9C23-464F-B28F-9A68868E2C1D}.Release|Any CPU.ActiveCfg = Release|Any CPU
		{55B620FC-9C23-464F-B28F-9A68868E2C1D}.Release|Any CPU.Build.0 = Release|Any CPU
		{61019922-706F-4B9B-9A66-7750EB1BA3AB}.Debug|Any CPU.ActiveCfg = Debug|Any CPU
		{61019922-706F-4B9B-9A66-7750EB1BA3AB}.Debug|Any CPU.Build.0 = Debug|Any CPU
		{61019922-706F-4B9B-9A66-7750EB1BA3AB}.Release|Any CPU.ActiveCfg = Release|Any CPU
		{61019922-706F-4B9B-9A66-7750EB1BA3AB}.Release|Any CPU.Build.0 = Release|Any CPU
	EndGlobalSection
	GlobalSection(SolutionProperties) = preSolution
		HideSolutionNode = FALSE
	EndGlobalSection
	GlobalSection(ExtensibilityGlobals) = postSolution
		SolutionGuid = {3F75D727-DAB5-42D8-A36D-DF04A62E5E27}
	EndGlobalSection
EndGlobal
